
Microsoft Visual Studio Solution File, Format Version 12.00
# Visual Studio Version 17
VisualStudioVersion = 17.8.34525.116
MinimumVisualStudioVersion = 10.0.40219.1
Project("{FAE04EC0-301F-11D3-BF4B-00C04F79EFBC}") = "MStock", "MStock\MStock.csproj", "{09FD698E-60CF-4617-AE15-492D9AED3103}"
EndProject
Global
	GlobalSection(SolutionConfigurationPlatforms) = preSolution
		Debug|Any CPU = Debug|Any CPU
		Release|Any CPU = Release|Any CPU
	EndGlobalSection
	GlobalSection(ProjectConfigurationPlatforms) = postSolution
		{09FD698E-60CF-4617-AE15-492D9AED3103}.Debug|Any CPU.ActiveCfg = Debug|Any CPU
		{09FD698E-60CF-4617-AE15-492D9AED3103}.Debug|Any CPU.Build.0 = Debug|Any CPU
		{09FD698E-60CF-4617-AE15-492D9AED3103}.Release|Any CPU.ActiveCfg = Release|Any CPU
		{09FD698E-60CF-4617-AE15-492D9AED3103}.Release|Any CPU.Build.0 = Release|Any CPU
	EndGlobalSection
	GlobalSection(SolutionProperties) = preSolution
		HideSolutionNode = FALSE
	EndGlobalSection
	GlobalSection(ExtensibilityGlobals) = postSolution
		SolutionGuid = {5C1AFA4F-A1CF-4D3D-B528-59D45984D7A9}
	EndGlobalSection
EndGlobal
